
Microsoft Visual Studio Solution File, Format Version 12.00
# Visual Studio Version 17
VisualStudioVersion = 17.0.32014.148
MinimumVisualStudioVersion = 10.0.40219.1
Project("{FAE04EC0-301F-11D3-BF4B-00C04F79EFBC}") = "Structs", "Structs.csproj", "{8416FBA8-8837-4CA1-9E53-93ADFC823C22}"
EndProject
Global
	GlobalSection(SolutionConfigurationPlatforms) = preSolution
		Debug|Any CPU = Debug|Any CPU
		Release|Any CPU = Release|Any CPU
	EndGlobalSection
	GlobalSection(ProjectConfigurationPlatforms) = postSolution
		{8416FBA8-8837-4CA1-9E53-93ADFC823C22}.Debug|Any CPU.ActiveCfg = Debug|Any CPU
		{8416FBA8-8837-4CA1-9E53-93ADFC823C22}.Debug|Any CPU.Build.0 = Debug|Any CPU
		{8416FBA8-8837-4CA1-9E53-93ADFC823C22}.Release|Any CPU.ActiveCfg = Release|Any CPU
		{8416FBA8-8837-4CA1-9E53-93ADFC823C22}.Release|Any CPU.Build.0 = Release|Any CPU
	EndGlobalSection
	GlobalSection(SolutionProperties) = preSolution
		HideSolutionNode = FALSE
	EndGlobalSection
	GlobalSection(ExtensibilityGlobals) = postSolution
		SolutionGuid = {AAC78987-8CAD-40E9-B916-9A1046A27DA4}
	EndGlobalSection
EndGlobal
