
Microsoft Visual Studio Solution File, Format Version 12.00
# Visual Studio Version 17
VisualStudioVersion = 17.0.32014.148
MinimumVisualStudioVersion = 10.0.40219.1
Project("{FAE04EC0-301F-11D3-BF4B-00C04F79EFBC}") = "ConsoleApp1", "ConsoleApp1.csproj", "{622E295A-530B-4844-B8F3-F5120544792B}"
EndProject
Project("{FAE04EC0-301F-11D3-BF4B-00C04F79EFBC}") = "Models", "..\Models\Models.csproj", "{8FA8D3D1-52C7-42A8-8F14-C787967AEC63}"
EndProject
Project("{FAE04EC0-301F-11D3-BF4B-00C04F79EFBC}") = "UnitTest", "..\UnitTest\UnitTest.csproj", "{B8EE42C5-5133-4AFD-B4FD-17B1B09BAF98}"
EndProject
Global
	GlobalSection(SolutionConfigurationPlatforms) = preSolution
		Debug|Any CPU = Debug|Any CPU
		Release|Any CPU = Release|Any CPU
	EndGlobalSection
	GlobalSection(ProjectConfigurationPlatforms) = postSolution
		{622E295A-530B-4844-B8F3-F5120544792B}.Debug|Any CPU.ActiveCfg = Debug|Any CPU
		{622E295A-530B-4844-B8F3-F5120544792B}.Debug|Any CPU.Build.0 = Debug|Any CPU
		{622E295A-530B-4844-B8F3-F5120544792B}.Release|Any CPU.ActiveCfg = Release|Any CPU
		{622E295A-530B-4844-B8F3-F5120544792B}.Release|Any CPU.Build.0 = Release|Any CPU
		{8FA8D3D1-52C7-42A8-8F14-C787967AEC63}.Debug|Any CPU.ActiveCfg = Debug|Any CPU
		{8FA8D3D1-52C7-42A8-8F14-C787967AEC63}.Debug|Any CPU.Build.0 = Debug|Any CPU
		{8FA8D3D1-52C7-42A8-8F14-C787967AEC63}.Release|Any CPU.ActiveCfg = Release|Any CPU
		{8FA8D3D1-52C7-42A8-8F14-C787967AEC63}.Release|Any CPU.Build.0 = Release|Any CPU
		{B8EE42C5-5133-4AFD-B4FD-17B1B09BAF98}.Debug|Any CPU.ActiveCfg = Debug|Any CPU
		{B8EE42C5-5133-4AFD-B4FD-17B1B09BAF98}.Debug|Any CPU.Build.0 = Debug|Any CPU
		{B8EE42C5-5133-4AFD-B4FD-17B1B09BAF98}.Release|Any CPU.ActiveCfg = Release|Any CPU
		{B8EE42C5-5133-4AFD-B4FD-17B1B09BAF98}.Release|Any CPU.Build.0 = Release|Any CPU
	EndGlobalSection
	GlobalSection(SolutionProperties) = preSolution
		HideSolutionNode = FALSE
	EndGlobalSection
	GlobalSection(ExtensibilityGlobals) = postSolution
		SolutionGuid = {9757BB80-B419-4B0A-9990-4E7D3147F114}
	EndGlobalSection
EndGlobal
